
Microsoft Visual Studio Solution File, Format Version 12.00
# Visual Studio Version 17
VisualStudioVersion = 17.1.32210.238
MinimumVisualStudioVersion = 10.0.40219.1
Project("{FAE04EC0-301F-11D3-BF4B-00C04F79EFBC}") = "Gamers.Web", "Gamers.Web\Gamers.Web.csproj", "{D9DD09D3-51F4-4A70-B424-1834AB74295E}"
EndProject
Project("{FAE04EC0-301F-11D3-BF4B-00C04F79EFBC}") = "Gamers.DataAccess", "Gamers.DataAccess\Gamers.DataAccess.csproj", "{17331DBF-DBA6-4A29-9FE7-54DE7E12CCCC}"
EndProject
Project("{FAE04EC0-301F-11D3-BF4B-00C04F79EFBC}") = "EGamers.Web.Core", "EGamers.Web.Core\EGamers.Web.Core.csproj", "{E6C46BED-3DF4-4887-A26C-615147CD87EF}"
EndProject
Global
	GlobalSection(SolutionConfigurationPlatforms) = preSolution
		Debug|Any CPU = Debug|Any CPU
		Release|Any CPU = Release|Any CPU
	EndGlobalSection
	GlobalSection(ProjectConfigurationPlatforms) = postSolution
		{D9DD09D3-51F4-4A70-B424-1834AB74295E}.Debug|Any CPU.ActiveCfg = Debug|Any CPU
		{D9DD09D3-51F4-4A70-B424-1834AB74295E}.Debug|Any CPU.Build.0 = Debug|Any CPU
		{D9DD09D3-51F4-4A70-B424-1834AB74295E}.Release|Any CPU.ActiveCfg = Release|Any CPU
		{D9DD09D3-51F4-4A70-B424-1834AB74295E}.Release|Any CPU.Build.0 = Release|Any CPU
		{17331DBF-DBA6-4A29-9FE7-54DE7E12CCCC}.Debug|Any CPU.ActiveCfg = Debug|Any CPU
		{17331DBF-DBA6-4A29-9FE7-54DE7E12CCCC}.Debug|Any CPU.Build.0 = Debug|Any CPU
		{17331DBF-DBA6-4A29-9FE7-54DE7E12CCCC}.Release|Any CPU.ActiveCfg = Release|Any CPU
		{17331DBF-DBA6-4A29-9FE7-54DE7E12CCCC}.Release|Any CPU.Build.0 = Release|Any CPU
		{E6C46BED-3DF4-4887-A26C-615147CD87EF}.Debug|Any CPU.ActiveCfg = Debug|Any CPU
		{E6C46BED-3DF4-4887-A26C-615147CD87EF}.Debug|Any CPU.Build.0 = Debug|Any CPU
		{E6C46BED-3DF4-4887-A26C-615147CD87EF}.Release|Any CPU.ActiveCfg = Release|Any CPU
		{E6C46BED-3DF4-4887-A26C-615147CD87EF}.Release|Any CPU.Build.0 = Release|Any CPU
	EndGlobalSection
	GlobalSection(SolutionProperties) = preSolution
		HideSolutionNode = FALSE
	EndGlobalSection
	GlobalSection(ExtensibilityGlobals) = postSolution
		SolutionGuid = {E60F669B-3568-40F6-95F0-D351ED9BFE16}
	EndGlobalSection
EndGlobal
